
Microsoft Visual Studio Solution File, Format Version 12.00
# Visual Studio Version 17
VisualStudioVersion = 17.14.36127.28 d17.14
MinimumVisualStudioVersion = 10.0.40219.1
Project("{8BC9CEB8-8B4A-11D0-8D11-00A0C91BC942}") = "01", "01\01.vcxproj", "{143DDC19-9992-417C-822A-5D6C834F49A5}"
EndProject
Project("{8BC9CEB8-8B4A-11D0-8D11-00A0C91BC942}") = "02", "02\02.vcxproj", "{7755905A-D631-48F8-AA8E-69F4A6CEA823}"
EndProject
Project("{8BC9CEB8-8B4A-11D0-8D11-00A0C91BC942}") = "03", "03\03.vcxproj", "{F343A898-40D0-4911-9A05-F9AE6814FECF}"
EndProject
Global
	GlobalSection(SolutionConfigurationPlatforms) = preSolution
		Debug|x64 = Debug|x64
		Debug|x86 = Debug|x86
		Release|x64 = Release|x64
		Release|x86 = Release|x86
	EndGlobalSection
	GlobalSection(ProjectConfigurationPlatforms) = postSolution
		{143DDC19-9992-417C-822A-5D6C834F49A5}.Debug|x64.ActiveCfg = Debug|x64
		{143DDC19-9992-417C-822A-5D6C834F49A5}.Debug|x64.Build.0 = Debug|x64
		{143DDC19-9992-417C-822A-5D6C834F49A5}.Debug|x86.ActiveCfg = Debug|Win32
		{143DDC19-9992-417C-822A-5D6C834F49A5}.Debug|x86.Build.0 = Debug|Win32
		{143DDC19-9992-417C-822A-5D6C834F49A5}.Release|x64.ActiveCfg = Release|x64
		{143DDC19-9992-417C-822A-5D6C834F49A5}.Release|x64.Build.0 = Release|x64
		{143DDC19-9992-417C-822A-5D6C834F49A5}.Release|x86.ActiveCfg = Release|Win32
		{143DDC19-9992-417C-822A-5D6C834F49A5}.Release|x86.Build.0 = Release|Win32
		{7755905A-D631-48F8-AA8E-69F4A6CEA823}.Debug|x64.ActiveCfg = Debug|x64
		{7755905A-D631-48F8-AA8E-69F4A6CEA823}.Debug|x64.Build.0 = Debug|x64
		{7755905A-D631-48F8-AA8E-69F4A6CEA823}.Debug|x86.ActiveCfg = Debug|Win32
		{7755905A-D631-48F8-AA8E-69F4A6CEA823}.Debug|x86.Build.0 = Debug|Win32
		{7755905A-D631-48F8-AA8E-69F4A6CEA823}.Release|x64.ActiveCfg = Release|x64
		{7755905A-D631-48F8-AA8E-69F4A6CEA823}.Release|x64.Build.0 = Release|x64
		{7755905A-D631-48F8-AA8E-69F4A6CEA823}.Release|x86.ActiveCfg = Release|Win32
		{7755905A-D631-48F8-AA8E-69F4A6CEA823}.Release|x86.Build.0 = Release|Win32
		{F343A898-40D0-4911-9A05-F9AE6814FECF}.Debug|x64.ActiveCfg = Debug|x64
		{F343A898-40D0-4911-9A05-F9AE6814FECF}.Debug|x64.Build.0 = Debug|x64
		{F343A898-40D0-4911-9A05-F9AE6814FECF}.Debug|x86.ActiveCfg = Debug|Win32
		{F343A898-40D0-4911-9A05-F9AE6814FECF}.Debug|x86.Build.0 = Debug|Win32
		{F343A898-40D0-4911-9A05-F9AE6814FECF}.Release|x64.ActiveCfg = Release|x64
		{F343A898-40D0-4911-9A05-F9AE6814FECF}.Release|x64.Build.0 = Release|x64
		{F343A898-40D0-4911-9A05-F9AE6814FECF}.Release|x86.ActiveCfg = Release|Win32
		{F343A898-40D0-4911-9A05-F9AE6814FECF}.Release|x86.Build.0 = Release|Win32
	EndGlobalSection
	GlobalSection(SolutionProperties) = preSolution
		HideSolutionNode = FALSE
	EndGlobalSection
	GlobalSection(ExtensibilityGlobals) = postSolution
		SolutionGuid = {C78733E6-D8AE-4FD8-B37A-FE18FECDF44E}
	EndGlobalSection
EndGlobal
