
Microsoft Visual Studio Solution File, Format Version 12.00
# Visual Studio Version 17
VisualStudioVersion = 17.14.36327.8
MinimumVisualStudioVersion = 10.0.40219.1
Project("{8BC9CEB8-8B4A-11D0-8D11-00A0C91BC942}") = "01. Car", "01. Car\01. Car.vcxproj", "{9B6A7921-0405-46B8-9293-8D423B2E1706}"
EndProject
Project("{8BC9CEB8-8B4A-11D0-8D11-00A0C91BC942}") = "02", "02\02.vcxproj", "{E57A2026-0988-4BEB-8385-372935A1C12E}"
EndProject
Project("{8BC9CEB8-8B4A-11D0-8D11-00A0C91BC942}") = "03", "03\03.vcxproj", "{86170059-F875-4C98-87B2-ED8E7801C728}"
EndProject
Project("{8BC9CEB8-8B4A-11D0-8D11-00A0C91BC942}") = "04", "04\04.vcxproj", "{217E7ACB-7E1F-4115-8EEC-98BAD355CCF1}"
EndProject
Project("{8BC9CEB8-8B4A-11D0-8D11-00A0C91BC942}") = "05", "05\05.vcxproj", "{EF586283-CEB1-4181-9B47-A6213AC00CBD}"
EndProject
Global
	GlobalSection(SolutionConfigurationPlatforms) = preSolution
		Debug|x64 = Debug|x64
		Debug|x86 = Debug|x86
		Release|x64 = Release|x64
		Release|x86 = Release|x86
	EndGlobalSection
	GlobalSection(ProjectConfigurationPlatforms) = postSolution
		{9B6A7921-0405-46B8-9293-8D423B2E1706}.Debug|x64.ActiveCfg = Debug|x64
		{9B6A7921-0405-46B8-9293-8D423B2E1706}.Debug|x64.Build.0 = Debug|x64
		{9B6A7921-0405-46B8-9293-8D423B2E1706}.Debug|x86.ActiveCfg = Debug|Win32
		{9B6A7921-0405-46B8-9293-8D423B2E1706}.Debug|x86.Build.0 = Debug|Win32
		{9B6A7921-0405-46B8-9293-8D423B2E1706}.Release|x64.ActiveCfg = Release|x64
		{9B6A7921-0405-46B8-9293-8D423B2E1706}.Release|x64.Build.0 = Release|x64
		{9B6A7921-0405-46B8-9293-8D423B2E1706}.Release|x86.ActiveCfg = Release|Win32
		{9B6A7921-0405-46B8-9293-8D423B2E1706}.Release|x86.Build.0 = Release|Win32
		{E57A2026-0988-4BEB-8385-372935A1C12E}.Debug|x64.ActiveCfg = Debug|x64
		{E57A2026-0988-4BEB-8385-372935A1C12E}.Debug|x64.Build.0 = Debug|x64
		{E57A2026-0988-4BEB-8385-372935A1C12E}.Debug|x86.ActiveCfg = Debug|Win32
		{E57A2026-0988-4BEB-8385-372935A1C12E}.Debug|x86.Build.0 = Debug|Win32
		{E57A2026-0988-4BEB-8385-372935A1C12E}.Release|x64.ActiveCfg = Release|x64
		{E57A2026-0988-4BEB-8385-372935A1C12E}.Release|x64.Build.0 = Release|x64
		{E57A2026-0988-4BEB-8385-372935A1C12E}.Release|x86.ActiveCfg = Release|Win32
		{E57A2026-0988-4BEB-8385-372935A1C12E}.Release|x86.Build.0 = Release|Win32
		{86170059-F875-4C98-87B2-ED8E7801C728}.Debug|x64.ActiveCfg = Debug|x64
		{86170059-F875-4C98-87B2-ED8E7801C728}.Debug|x64.Build.0 = Debug|x64
		{86170059-F875-4C98-87B2-ED8E7801C728}.Debug|x86.ActiveCfg = Debug|Win32
		{86170059-F875-4C98-87B2-ED8E7801C728}.Debug|x86.Build.0 = Debug|Win32
		{86170059-F875-4C98-87B2-ED8E7801C728}.Release|x64.ActiveCfg = Release|x64
		{86170059-F875-4C98-87B2-ED8E7801C728}.Release|x64.Build.0 = Release|x64
		{86170059-F875-4C98-87B2-ED8E7801C728}.Release|x86.ActiveCfg = Release|Win32
		{86170059-F875-4C98-87B2-ED8E7801C728}.Release|x86.Build.0 = Release|Win32
		{217E7ACB-7E1F-4115-8EEC-98BAD355CCF1}.Debug|x64.ActiveCfg = Debug|x64
		{217E7ACB-7E1F-4115-8EEC-98BAD355CCF1}.Debug|x64.Build.0 = Debug|x64
		{217E7ACB-7E1F-4115-8EEC-98BAD355CCF1}.Debug|x86.ActiveCfg = Debug|Win32
		{217E7ACB-7E1F-4115-8EEC-98BAD355CCF1}.Debug|x86.Build.0 = Debug|Win32
		{217E7ACB-7E1F-4115-8EEC-98BAD355CCF1}.Release|x64.ActiveCfg = Release|x64
		{217E7ACB-7E1F-4115-8EEC-98BAD355CCF1}.Release|x64.Build.0 = Release|x64
		{217E7ACB-7E1F-4115-8EEC-98BAD355CCF1}.Release|x86.ActiveCfg = Release|Win32
		{217E7ACB-7E1F-4115-8EEC-98BAD355CCF1}.Release|x86.Build.0 = Release|Win32
		{EF586283-CEB1-4181-9B47-A6213AC00CBD}.Debug|x64.ActiveCfg = Debug|x64
		{EF586283-CEB1-4181-9B47-A6213AC00CBD}.Debug|x64.Build.0 = Debug|x64
		{EF586283-CEB1-4181-9B47-A6213AC00CBD}.Debug|x86.ActiveCfg = Debug|Win32
		{EF586283-CEB1-4181-9B47-A6213AC00CBD}.Debug|x86.Build.0 = Debug|Win32
		{EF586283-CEB1-4181-9B47-A6213AC00CBD}.Release|x64.ActiveCfg = Release|x64
		{EF586283-CEB1-4181-9B47-A6213AC00CBD}.Release|x64.Build.0 = Release|x64
		{EF586283-CEB1-4181-9B47-A6213AC00CBD}.Release|x86.ActiveCfg = Release|Win32
		{EF586283-CEB1-4181-9B47-A6213AC00CBD}.Release|x86.Build.0 = Release|Win32
	EndGlobalSection
	GlobalSection(SolutionProperties) = preSolution
		HideSolutionNode = FALSE
	EndGlobalSection
	GlobalSection(ExtensibilityGlobals) = postSolution
		SolutionGuid = {99A764EC-E80F-4308-BC8E-B01600DB5080}
	EndGlobalSection
EndGlobal
