
Microsoft Visual Studio Solution File, Format Version 12.00
# Visual Studio Version 17
VisualStudioVersion = 17.11.35222.181
MinimumVisualStudioVersion = 10.0.40219.1
Project("{8BC9CEB8-8B4A-11D0-8D11-00A0C91BC942}") = "01", "01\01.vcxproj", "{D2FFEAE8-BA40-491E-A092-7F2317B079B0}"
EndProject
Project("{8BC9CEB8-8B4A-11D0-8D11-00A0C91BC942}") = "02", "02\02.vcxproj", "{4B7B4ABF-B1F1-452C-9BA8-2565FF08C99B}"
EndProject
Project("{8BC9CEB8-8B4A-11D0-8D11-00A0C91BC942}") = "03", "03\03.vcxproj", "{77F20EA1-9FE3-470B-9A6F-975B28276043}"
EndProject
Project("{8BC9CEB8-8B4A-11D0-8D11-00A0C91BC942}") = "04", "04\04.vcxproj", "{B5888C72-2A18-41DF-8816-F8FEA08A7D76}"
EndProject
Project("{8BC9CEB8-8B4A-11D0-8D11-00A0C91BC942}") = "05", "05\05.vcxproj", "{DA919C0B-B037-42AF-854C-7DDAD65EAEAE}"
EndProject
Project("{8BC9CEB8-8B4A-11D0-8D11-00A0C91BC942}") = "06", "06\06.vcxproj", "{68957E24-DACA-4F26-8422-3EB6E428BD80}"
EndProject
Project("{8BC9CEB8-8B4A-11D0-8D11-00A0C91BC942}") = "07", "07\07.vcxproj", "{53A47208-5F08-493E-BDB6-4124EEF43C3E}"
EndProject
Project("{8BC9CEB8-8B4A-11D0-8D11-00A0C91BC942}") = "08", "08\08.vcxproj", "{2D2E6E4B-E13B-47E4-A251-4B5A1C84359C}"
EndProject
Project("{8BC9CEB8-8B4A-11D0-8D11-00A0C91BC942}") = "09", "09\09.vcxproj", "{D0C9E3E2-86B4-4B43-9028-78E2EB12FA65}"
EndProject
Project("{8BC9CEB8-8B4A-11D0-8D11-00A0C91BC942}") = "10", "10\10.vcxproj", "{FB1D06FD-776C-42D1-8191-D4C3772CB2D7}"
EndProject
Global
	GlobalSection(SolutionConfigurationPlatforms) = preSolution
		Debug|x64 = Debug|x64
		Debug|x86 = Debug|x86
		Release|x64 = Release|x64
		Release|x86 = Release|x86
	EndGlobalSection
	GlobalSection(ProjectConfigurationPlatforms) = postSolution
		{D2FFEAE8-BA40-491E-A092-7F2317B079B0}.Debug|x64.ActiveCfg = Debug|x64
		{D2FFEAE8-BA40-491E-A092-7F2317B079B0}.Debug|x64.Build.0 = Debug|x64
		{D2FFEAE8-BA40-491E-A092-7F2317B079B0}.Debug|x86.ActiveCfg = Debug|Win32
		{D2FFEAE8-BA40-491E-A092-7F2317B079B0}.Debug|x86.Build.0 = Debug|Win32
		{D2FFEAE8-BA40-491E-A092-7F2317B079B0}.Release|x64.ActiveCfg = Release|x64
		{D2FFEAE8-BA40-491E-A092-7F2317B079B0}.Release|x64.Build.0 = Release|x64
		{D2FFEAE8-BA40-491E-A092-7F2317B079B0}.Release|x86.ActiveCfg = Release|Win32
		{D2FFEAE8-BA40-491E-A092-7F2317B079B0}.Release|x86.Build.0 = Release|Win32
		{4B7B4ABF-B1F1-452C-9BA8-2565FF08C99B}.Debug|x64.ActiveCfg = Debug|x64
		{4B7B4ABF-B1F1-452C-9BA8-2565FF08C99B}.Debug|x64.Build.0 = Debug|x64
		{4B7B4ABF-B1F1-452C-9BA8-2565FF08C99B}.Debug|x86.ActiveCfg = Debug|Win32
		{4B7B4ABF-B1F1-452C-9BA8-2565FF08C99B}.Debug|x86.Build.0 = Debug|Win32
		{4B7B4ABF-B1F1-452C-9BA8-2565FF08C99B}.Release|x64.ActiveCfg = Release|x64
		{4B7B4ABF-B1F1-452C-9BA8-2565FF08C99B}.Release|x64.Build.0 = Release|x64
		{4B7B4ABF-B1F1-452C-9BA8-2565FF08C99B}.Release|x86.ActiveCfg = Release|Win32
		{4B7B4ABF-B1F1-452C-9BA8-2565FF08C99B}.Release|x86.Build.0 = Release|Win32
		{77F20EA1-9FE3-470B-9A6F-975B28276043}.Debug|x64.ActiveCfg = Debug|x64
		{77F20EA1-9FE3-470B-9A6F-975B28276043}.Debug|x64.Build.0 = Debug|x64
		{77F20EA1-9FE3-470B-9A6F-975B28276043}.Debug|x86.ActiveCfg = Debug|Win32
		{77F20EA1-9FE3-470B-9A6F-975B28276043}.Debug|x86.Build.0 = Debug|Win32
		{77F20EA1-9FE3-470B-9A6F-975B28276043}.Release|x64.ActiveCfg = Release|x64
		{77F20EA1-9FE3-470B-9A6F-975B28276043}.Release|x64.Build.0 = Release|x64
		{77F20EA1-9FE3-470B-9A6F-975B28276043}.Release|x86.ActiveCfg = Release|Win32
		{77F20EA1-9FE3-470B-9A6F-975B28276043}.Release|x86.Build.0 = Release|Win32
		{B5888C72-2A18-41DF-8816-F8FEA08A7D76}.Debug|x64.ActiveCfg = Debug|x64
		{B5888C72-2A18-41DF-8816-F8FEA08A7D76}.Debug|x64.Build.0 = Debug|x64
		{B5888C72-2A18-41DF-8816-F8FEA08A7D76}.Debug|x86.ActiveCfg = Debug|Win32
		{B5888C72-2A18-41DF-8816-F8FEA08A7D76}.Debug|x86.Build.0 = Debug|Win32
		{B5888C72-2A18-41DF-8816-F8FEA08A7D76}.Release|x64.ActiveCfg = Release|x64
		{B5888C72-2A18-41DF-8816-F8FEA08A7D76}.Release|x64.Build.0 = Release|x64
		{B5888C72-2A18-41DF-8816-F8FEA08A7D76}.Release|x86.ActiveCfg = Release|Win32
		{B5888C72-2A18-41DF-8816-F8FEA08A7D76}.Release|x86.Build.0 = Release|Win32
		{DA919C0B-B037-42AF-854C-7DDAD65EAEAE}.Debug|x64.ActiveCfg = Debug|x64
		{DA919C0B-B037-42AF-854C-7DDAD65EAEAE}.Debug|x64.Build.0 = Debug|x64
		{DA919C0B-B037-42AF-854C-7DDAD65EAEAE}.Debug|x86.ActiveCfg = Debug|Win32
		{DA919C0B-B037-42AF-854C-7DDAD65EAEAE}.Debug|x86.Build.0 = Debug|Win32
		{DA919C0B-B037-42AF-854C-7DDAD65EAEAE}.Release|x64.ActiveCfg = Release|x64
		{DA919C0B-B037-42AF-854C-7DDAD65EAEAE}.Release|x64.Build.0 = Release|x64
		{DA919C0B-B037-42AF-854C-7DDAD65EAEAE}.Release|x86.ActiveCfg = Release|Win32
		{DA919C0B-B037-42AF-854C-7DDAD65EAEAE}.Release|x86.Build.0 = Release|Win32
		{68957E24-DACA-4F26-8422-3EB6E428BD80}.Debug|x64.ActiveCfg = Debug|x64
		{68957E24-DACA-4F26-8422-3EB6E428BD80}.Debug|x64.Build.0 = Debug|x64
		{68957E24-DACA-4F26-8422-3EB6E428BD80}.Debug|x86.ActiveCfg = Debug|Win32
		{68957E24-DACA-4F26-8422-3EB6E428BD80}.Debug|x86.Build.0 = Debug|Win32
		{68957E24-DACA-4F26-8422-3EB6E428BD80}.Release|x64.ActiveCfg = Release|x64
		{68957E24-DACA-4F26-8422-3EB6E428BD80}.Release|x64.Build.0 = Release|x64
		{68957E24-DACA-4F26-8422-3EB6E428BD80}.Release|x86.ActiveCfg = Release|Win32
		{68957E24-DACA-4F26-8422-3EB6E428BD80}.Release|x86.Build.0 = Release|Win32
		{53A47208-5F08-493E-BDB6-4124EEF43C3E}.Debug|x64.ActiveCfg = Debug|x64
		{53A47208-5F08-493E-BDB6-4124EEF43C3E}.Debug|x64.Build.0 = Debug|x64
		{53A47208-5F08-493E-BDB6-4124EEF43C3E}.Debug|x86.ActiveCfg = Debug|Win32
		{53A47208-5F08-493E-BDB6-4124EEF43C3E}.Debug|x86.Build.0 = Debug|Win32
		{53A47208-5F08-493E-BDB6-4124EEF43C3E}.Release|x64.ActiveCfg = Release|x64
		{53A47208-5F08-493E-BDB6-4124EEF43C3E}.Release|x64.Build.0 = Release|x64
		{53A47208-5F08-493E-BDB6-4124EEF43C3E}.Release|x86.ActiveCfg = Release|Win32
		{53A47208-5F08-493E-BDB6-4124EEF43C3E}.Release|x86.Build.0 = Release|Win32
		{2D2E6E4B-E13B-47E4-A251-4B5A1C84359C}.Debug|x64.ActiveCfg = Debug|x64
		{2D2E6E4B-E13B-47E4-A251-4B5A1C84359C}.Debug|x64.Build.0 = Debug|x64
		{2D2E6E4B-E13B-47E4-A251-4B5A1C84359C}.Debug|x86.ActiveCfg = Debug|Win32
		{2D2E6E4B-E13B-47E4-A251-4B5A1C84359C}.Debug|x86.Build.0 = Debug|Win32
		{2D2E6E4B-E13B-47E4-A251-4B5A1C84359C}.Release|x64.ActiveCfg = Release|x64
		{2D2E6E4B-E13B-47E4-A251-4B5A1C84359C}.Release|x64.Build.0 = Release|x64
		{2D2E6E4B-E13B-47E4-A251-4B5A1C84359C}.Release|x86.ActiveCfg = Release|Win32
		{2D2E6E4B-E13B-47E4-A251-4B5A1C84359C}.Release|x86.Build.0 = Release|Win32
		{D0C9E3E2-86B4-4B43-9028-78E2EB12FA65}.Debug|x64.ActiveCfg = Debug|x64
		{D0C9E3E2-86B4-4B43-9028-78E2EB12FA65}.Debug|x64.Build.0 = Debug|x64
		{D0C9E3E2-86B4-4B43-9028-78E2EB12FA65}.Debug|x86.ActiveCfg = Debug|Win32
		{D0C9E3E2-86B4-4B43-9028-78E2EB12FA65}.Debug|x86.Build.0 = Debug|Win32
		{D0C9E3E2-86B4-4B43-9028-78E2EB12FA65}.Release|x64.ActiveCfg = Release|x64
		{D0C9E3E2-86B4-4B43-9028-78E2EB12FA65}.Release|x64.Build.0 = Release|x64
		{D0C9E3E2-86B4-4B43-9028-78E2EB12FA65}.Release|x86.ActiveCfg = Release|Win32
		{D0C9E3E2-86B4-4B43-9028-78E2EB12FA65}.Release|x86.Build.0 = Release|Win32
		{FB1D06FD-776C-42D1-8191-D4C3772CB2D7}.Debug|x64.ActiveCfg = Debug|x64
		{FB1D06FD-776C-42D1-8191-D4C3772CB2D7}.Debug|x64.Build.0 = Debug|x64
		{FB1D06FD-776C-42D1-8191-D4C3772CB2D7}.Debug|x86.ActiveCfg = Debug|Win32
		{FB1D06FD-776C-42D1-8191-D4C3772CB2D7}.Debug|x86.Build.0 = Debug|Win32
		{FB1D06FD-776C-42D1-8191-D4C3772CB2D7}.Release|x64.ActiveCfg = Release|x64
		{FB1D06FD-776C-42D1-8191-D4C3772CB2D7}.Release|x64.Build.0 = Release|x64
		{FB1D06FD-776C-42D1-8191-D4C3772CB2D7}.Release|x86.ActiveCfg = Release|Win32
		{FB1D06FD-776C-42D1-8191-D4C3772CB2D7}.Release|x86.Build.0 = Release|Win32
	EndGlobalSection
	GlobalSection(SolutionProperties) = preSolution
		HideSolutionNode = FALSE
	EndGlobalSection
	GlobalSection(ExtensibilityGlobals) = postSolution
		SolutionGuid = {CD602354-081C-4868-A9EA-37C64F0639AC}
	EndGlobalSection
EndGlobal
