
Microsoft Visual Studio Solution File, Format Version 12.00
# Visual Studio Version 17
VisualStudioVersion = 17.11.35222.181
MinimumVisualStudioVersion = 10.0.40219.1
Project("{8BC9CEB8-8B4A-11D0-8D11-00A0C91BC942}") = "01. Day of Week", "01. Day of Week\01. Day of Week.vcxproj", "{3DDE9223-204C-4AF2-89D7-10E17688AFA7}"
EndProject
Project("{8BC9CEB8-8B4A-11D0-8D11-00A0C91BC942}") = "02. Weekend or Working Day", "02. Weekend or Working Day\02. Weekend or Working Day.vcxproj", "{406D65FB-272E-4755-B7B7-9BF011561DC7}"
EndProject
Project("{8BC9CEB8-8B4A-11D0-8D11-00A0C91BC942}") = "03. Animal Type", "03. Animal Type\03. Animal Type.vcxproj", "{9131E462-CCBC-4FC9-9C5B-20D2713239CB}"
EndProject
Project("{8BC9CEB8-8B4A-11D0-8D11-00A0C91BC942}") = "04. Personal Titles", "04. Personal Titles\04. Personal Titles.vcxproj", "{46B677B6-F41C-446E-BBCF-AFE35101E49E}"
EndProject
Project("{8BC9CEB8-8B4A-11D0-8D11-00A0C91BC942}") = "05. Small Shop", "05. Small Shop\05. Small Shop.vcxproj", "{B6769602-7C8E-4EAF-A6DF-54B87C6AB0C4}"
EndProject
Project("{8BC9CEB8-8B4A-11D0-8D11-00A0C91BC942}") = "06. Number in Range", "06. Number in Range\06. Number in Range.vcxproj", "{B652BB9A-2DF5-4255-8235-77871DD93751}"
EndProject
Project("{8BC9CEB8-8B4A-11D0-8D11-00A0C91BC942}") = "07. Working Hours", "07. Working Hours\07. Working Hours.vcxproj", "{98B15492-EBA0-44C5-8CF9-0E4FFBC0F124}"
EndProject
Project("{8BC9CEB8-8B4A-11D0-8D11-00A0C91BC942}") = "08. Cinema Ticket", "08. Cinema Ticket\08. Cinema Ticket.vcxproj", "{00C2EA32-2A3B-4F27-A33B-59DDEAC741B8}"
EndProject
Project("{8BC9CEB8-8B4A-11D0-8D11-00A0C91BC942}") = "09. Fruit or Vegetable", "09. Fruit or Vegetable\09. Fruit or Vegetable.vcxproj", "{0C36B419-2E9B-4C24-8DFC-1439478FCF4D}"
EndProject
Project("{8BC9CEB8-8B4A-11D0-8D11-00A0C91BC942}") = "10. Invalid Number", "10. Invalid Number\10. Invalid Number.vcxproj", "{FC087670-C4A8-4740-841D-BD14F1C91CF2}"
EndProject
Project("{8BC9CEB8-8B4A-11D0-8D11-00A0C91BC942}") = "11. Fruit Shop", "11. Fruit Shop\11. Fruit Shop.vcxproj", "{81A5E8EF-FBA7-487E-A7CA-2AB9EBDE0459}"
EndProject
Project("{8BC9CEB8-8B4A-11D0-8D11-00A0C91BC942}") = "12. Trade Commissions", "12. Trade Commissions\12. Trade Commissions.vcxproj", "{1E555453-36D3-4CC1-B31E-068FF43E0703}"
EndProject
Global
	GlobalSection(SolutionConfigurationPlatforms) = preSolution
		Debug|x64 = Debug|x64
		Debug|x86 = Debug|x86
		Release|x64 = Release|x64
		Release|x86 = Release|x86
	EndGlobalSection
	GlobalSection(ProjectConfigurationPlatforms) = postSolution
		{3DDE9223-204C-4AF2-89D7-10E17688AFA7}.Debug|x64.ActiveCfg = Debug|x64
		{3DDE9223-204C-4AF2-89D7-10E17688AFA7}.Debug|x64.Build.0 = Debug|x64
		{3DDE9223-204C-4AF2-89D7-10E17688AFA7}.Debug|x86.ActiveCfg = Debug|Win32
		{3DDE9223-204C-4AF2-89D7-10E17688AFA7}.Debug|x86.Build.0 = Debug|Win32
		{3DDE9223-204C-4AF2-89D7-10E17688AFA7}.Release|x64.ActiveCfg = Release|x64
		{3DDE9223-204C-4AF2-89D7-10E17688AFA7}.Release|x64.Build.0 = Release|x64
		{3DDE9223-204C-4AF2-89D7-10E17688AFA7}.Release|x86.ActiveCfg = Release|Win32
		{3DDE9223-204C-4AF2-89D7-10E17688AFA7}.Release|x86.Build.0 = Release|Win32
		{406D65FB-272E-4755-B7B7-9BF011561DC7}.Debug|x64.ActiveCfg = Debug|x64
		{406D65FB-272E-4755-B7B7-9BF011561DC7}.Debug|x64.Build.0 = Debug|x64
		{406D65FB-272E-4755-B7B7-9BF011561DC7}.Debug|x86.ActiveCfg = Debug|Win32
		{406D65FB-272E-4755-B7B7-9BF011561DC7}.Debug|x86.Build.0 = Debug|Win32
		{406D65FB-272E-4755-B7B7-9BF011561DC7}.Release|x64.ActiveCfg = Release|x64
		{406D65FB-272E-4755-B7B7-9BF011561DC7}.Release|x64.Build.0 = Release|x64
		{406D65FB-272E-4755-B7B7-9BF011561DC7}.Release|x86.ActiveCfg = Release|Win32
		{406D65FB-272E-4755-B7B7-9BF011561DC7}.Release|x86.Build.0 = Release|Win32
		{9131E462-CCBC-4FC9-9C5B-20D2713239CB}.Debug|x64.ActiveCfg = Debug|x64
		{9131E462-CCBC-4FC9-9C5B-20D2713239CB}.Debug|x64.Build.0 = Debug|x64
		{9131E462-CCBC-4FC9-9C5B-20D2713239CB}.Debug|x86.ActiveCfg = Debug|Win32
		{9131E462-CCBC-4FC9-9C5B-20D2713239CB}.Debug|x86.Build.0 = Debug|Win32
		{9131E462-CCBC-4FC9-9C5B-20D2713239CB}.Release|x64.ActiveCfg = Release|x64
		{9131E462-CCBC-4FC9-9C5B-20D2713239CB}.Release|x64.Build.0 = Release|x64
		{9131E462-CCBC-4FC9-9C5B-20D2713239CB}.Release|x86.ActiveCfg = Release|Win32
		{9131E462-CCBC-4FC9-9C5B-20D2713239CB}.Release|x86.Build.0 = Release|Win32
		{46B677B6-F41C-446E-BBCF-AFE35101E49E}.Debug|x64.ActiveCfg = Debug|x64
		{46B677B6-F41C-446E-BBCF-AFE35101E49E}.Debug|x64.Build.0 = Debug|x64
		{46B677B6-F41C-446E-BBCF-AFE35101E49E}.Debug|x86.ActiveCfg = Debug|Win32
		{46B677B6-F41C-446E-BBCF-AFE35101E49E}.Debug|x86.Build.0 = Debug|Win32
		{46B677B6-F41C-446E-BBCF-AFE35101E49E}.Release|x64.ActiveCfg = Release|x64
		{46B677B6-F41C-446E-BBCF-AFE35101E49E}.Release|x64.Build.0 = Release|x64
		{46B677B6-F41C-446E-BBCF-AFE35101E49E}.Release|x86.ActiveCfg = Release|Win32
		{46B677B6-F41C-446E-BBCF-AFE35101E49E}.Release|x86.Build.0 = Release|Win32
		{B6769602-7C8E-4EAF-A6DF-54B87C6AB0C4}.Debug|x64.ActiveCfg = Debug|x64
		{B6769602-7C8E-4EAF-A6DF-54B87C6AB0C4}.Debug|x64.Build.0 = Debug|x64
		{B6769602-7C8E-4EAF-A6DF-54B87C6AB0C4}.Debug|x86.ActiveCfg = Debug|Win32
		{B6769602-7C8E-4EAF-A6DF-54B87C6AB0C4}.Debug|x86.Build.0 = Debug|Win32
		{B6769602-7C8E-4EAF-A6DF-54B87C6AB0C4}.Release|x64.ActiveCfg = Release|x64
		{B6769602-7C8E-4EAF-A6DF-54B87C6AB0C4}.Release|x64.Build.0 = Release|x64
		{B6769602-7C8E-4EAF-A6DF-54B87C6AB0C4}.Release|x86.ActiveCfg = Release|Win32
		{B6769602-7C8E-4EAF-A6DF-54B87C6AB0C4}.Release|x86.Build.0 = Release|Win32
		{B652BB9A-2DF5-4255-8235-77871DD93751}.Debug|x64.ActiveCfg = Debug|x64
		{B652BB9A-2DF5-4255-8235-77871DD93751}.Debug|x64.Build.0 = Debug|x64
		{B652BB9A-2DF5-4255-8235-77871DD93751}.Debug|x86.ActiveCfg = Debug|Win32
		{B652BB9A-2DF5-4255-8235-77871DD93751}.Debug|x86.Build.0 = Debug|Win32
		{B652BB9A-2DF5-4255-8235-77871DD93751}.Release|x64.ActiveCfg = Release|x64
		{B652BB9A-2DF5-4255-8235-77871DD93751}.Release|x64.Build.0 = Release|x64
		{B652BB9A-2DF5-4255-8235-77871DD93751}.Release|x86.ActiveCfg = Release|Win32
		{B652BB9A-2DF5-4255-8235-77871DD93751}.Release|x86.Build.0 = Release|Win32
		{98B15492-EBA0-44C5-8CF9-0E4FFBC0F124}.Debug|x64.ActiveCfg = Debug|x64
		{98B15492-EBA0-44C5-8CF9-0E4FFBC0F124}.Debug|x64.Build.0 = Debug|x64
		{98B15492-EBA0-44C5-8CF9-0E4FFBC0F124}.Debug|x86.ActiveCfg = Debug|Win32
		{98B15492-EBA0-44C5-8CF9-0E4FFBC0F124}.Debug|x86.Build.0 = Debug|Win32
		{98B15492-EBA0-44C5-8CF9-0E4FFBC0F124}.Release|x64.ActiveCfg = Release|x64
		{98B15492-EBA0-44C5-8CF9-0E4FFBC0F124}.Release|x64.Build.0 = Release|x64
		{98B15492-EBA0-44C5-8CF9-0E4FFBC0F124}.Release|x86.ActiveCfg = Release|Win32
		{98B15492-EBA0-44C5-8CF9-0E4FFBC0F124}.Release|x86.Build.0 = Release|Win32
		{00C2EA32-2A3B-4F27-A33B-59DDEAC741B8}.Debug|x64.ActiveCfg = Debug|x64
		{00C2EA32-2A3B-4F27-A33B-59DDEAC741B8}.Debug|x64.Build.0 = Debug|x64
		{00C2EA32-2A3B-4F27-A33B-59DDEAC741B8}.Debug|x86.ActiveCfg = Debug|Win32
		{00C2EA32-2A3B-4F27-A33B-59DDEAC741B8}.Debug|x86.Build.0 = Debug|Win32
		{00C2EA32-2A3B-4F27-A33B-59DDEAC741B8}.Release|x64.ActiveCfg = Release|x64
		{00C2EA32-2A3B-4F27-A33B-59DDEAC741B8}.Release|x64.Build.0 = Release|x64
		{00C2EA32-2A3B-4F27-A33B-59DDEAC741B8}.Release|x86.ActiveCfg = Release|Win32
		{00C2EA32-2A3B-4F27-A33B-59DDEAC741B8}.Release|x86.Build.0 = Release|Win32
		{0C36B419-2E9B-4C24-8DFC-1439478FCF4D}.Debug|x64.ActiveCfg = Debug|x64
		{0C36B419-2E9B-4C24-8DFC-1439478FCF4D}.Debug|x64.Build.0 = Debug|x64
		{0C36B419-2E9B-4C24-8DFC-1439478FCF4D}.Debug|x86.ActiveCfg = Debug|Win32
		{0C36B419-2E9B-4C24-8DFC-1439478FCF4D}.Debug|x86.Build.0 = Debug|Win32
		{0C36B419-2E9B-4C24-8DFC-1439478FCF4D}.Release|x64.ActiveCfg = Release|x64
		{0C36B419-2E9B-4C24-8DFC-1439478FCF4D}.Release|x64.Build.0 = Release|x64
		{0C36B419-2E9B-4C24-8DFC-1439478FCF4D}.Release|x86.ActiveCfg = Release|Win32
		{0C36B419-2E9B-4C24-8DFC-1439478FCF4D}.Release|x86.Build.0 = Release|Win32
		{FC087670-C4A8-4740-841D-BD14F1C91CF2}.Debug|x64.ActiveCfg = Debug|x64
		{FC087670-C4A8-4740-841D-BD14F1C91CF2}.Debug|x64.Build.0 = Debug|x64
		{FC087670-C4A8-4740-841D-BD14F1C91CF2}.Debug|x86.ActiveCfg = Debug|Win32
		{FC087670-C4A8-4740-841D-BD14F1C91CF2}.Debug|x86.Build.0 = Debug|Win32
		{FC087670-C4A8-4740-841D-BD14F1C91CF2}.Release|x64.ActiveCfg = Release|x64
		{FC087670-C4A8-4740-841D-BD14F1C91CF2}.Release|x64.Build.0 = Release|x64
		{FC087670-C4A8-4740-841D-BD14F1C91CF2}.Release|x86.ActiveCfg = Release|Win32
		{FC087670-C4A8-4740-841D-BD14F1C91CF2}.Release|x86.Build.0 = Release|Win32
		{81A5E8EF-FBA7-487E-A7CA-2AB9EBDE0459}.Debug|x64.ActiveCfg = Debug|x64
		{81A5E8EF-FBA7-487E-A7CA-2AB9EBDE0459}.Debug|x64.Build.0 = Debug|x64
		{81A5E8EF-FBA7-487E-A7CA-2AB9EBDE0459}.Debug|x86.ActiveCfg = Debug|Win32
		{81A5E8EF-FBA7-487E-A7CA-2AB9EBDE0459}.Debug|x86.Build.0 = Debug|Win32
		{81A5E8EF-FBA7-487E-A7CA-2AB9EBDE0459}.Release|x64.ActiveCfg = Release|x64
		{81A5E8EF-FBA7-487E-A7CA-2AB9EBDE0459}.Release|x64.Build.0 = Release|x64
		{81A5E8EF-FBA7-487E-A7CA-2AB9EBDE0459}.Release|x86.ActiveCfg = Release|Win32
		{81A5E8EF-FBA7-487E-A7CA-2AB9EBDE0459}.Release|x86.Build.0 = Release|Win32
		{1E555453-36D3-4CC1-B31E-068FF43E0703}.Debug|x64.ActiveCfg = Debug|x64
		{1E555453-36D3-4CC1-B31E-068FF43E0703}.Debug|x64.Build.0 = Debug|x64
		{1E555453-36D3-4CC1-B31E-068FF43E0703}.Debug|x86.ActiveCfg = Debug|Win32
		{1E555453-36D3-4CC1-B31E-068FF43E0703}.Debug|x86.Build.0 = Debug|Win32
		{1E555453-36D3-4CC1-B31E-068FF43E0703}.Release|x64.ActiveCfg = Release|x64
		{1E555453-36D3-4CC1-B31E-068FF43E0703}.Release|x64.Build.0 = Release|x64
		{1E555453-36D3-4CC1-B31E-068FF43E0703}.Release|x86.ActiveCfg = Release|Win32
		{1E555453-36D3-4CC1-B31E-068FF43E0703}.Release|x86.Build.0 = Release|Win32
	EndGlobalSection
	GlobalSection(SolutionProperties) = preSolution
		HideSolutionNode = FALSE
	EndGlobalSection
	GlobalSection(ExtensibilityGlobals) = postSolution
		SolutionGuid = {1F5C322C-076C-4DBE-ACEE-FF3E23DB59E6}
	EndGlobalSection
EndGlobal
